
Microsoft Visual Studio Solution File, Format Version 12.00
# Visual Studio 15
Project("{FAE04EC0-301F-11D3-BF4B-00C04F79EFBC}") = "Assembly-CSharp", "Assembly-CSharp.csproj", "{B9035A39-B72D-8868-16BA-3AD168ED07BC}"
EndProject
Project("{FAE04EC0-301F-11D3-BF4B-00C04F79EFBC}") = "Assembly-CSharp-Editor", "Assembly-CSharp-Editor.csproj", "{59E8F639-4346-095D-2653-63BE4D318EC1}"
EndProject
Global
	GlobalSection(SolutionConfigurationPlatforms) = preSolution
		Debug|Any CPU = Debug|Any CPU
		Release|Any CPU = Release|Any CPU
	EndGlobalSection
	GlobalSection(ProjectConfigurationPlatforms) = postSolution
		{B9035A39-B72D-8868-16BA-3AD168ED07BC}.Debug|Any CPU.ActiveCfg = Debug|Any CPU
		{B9035A39-B72D-8868-16BA-3AD168ED07BC}.Debug|Any CPU.Build.0 = Debug|Any CPU
		{B9035A39-B72D-8868-16BA-3AD168ED07BC}.Release|Any CPU.ActiveCfg = Release|Any CPU
		{B9035A39-B72D-8868-16BA-3AD168ED07BC}.Release|Any CPU.Build.0 = Release|Any CPU
		{59E8F639-4346-095D-2653-63BE4D318EC1}.Debug|Any CPU.ActiveCfg = Debug|Any CPU
		{59E8F639-4346-095D-2653-63BE4D318EC1}.Debug|Any CPU.Build.0 = Debug|Any CPU
		{59E8F639-4346-095D-2653-63BE4D318EC1}.Release|Any CPU.ActiveCfg = Release|Any CPU
		{59E8F639-4346-095D-2653-63BE4D318EC1}.Release|Any CPU.Build.0 = Release|Any CPU
	EndGlobalSection
	GlobalSection(SolutionProperties) = preSolution
		HideSolutionNode = FALSE
	EndGlobalSection
EndGlobal
